
Microsoft Visual Studio Solution File, Format Version 12.00
# Visual Studio Version 17
VisualStudioVersion = 17.9.34728.123
MinimumVisualStudioVersion = 10.0.40219.1
Project("{FAE04EC0-301F-11D3-BF4B-00C04F79EFBC}") = "ConsoleApp2", "ConsoleApp2\ConsoleApp2.csproj", "{5EFB3FB7-7608-4CB1-8305-A0E714E20B49}"
EndProject
Global
	GlobalSection(SolutionConfigurationPlatforms) = preSolution
		Debug|Any CPU = Debug|Any CPU
		Release|Any CPU = Release|Any CPU
	EndGlobalSection
	GlobalSection(ProjectConfigurationPlatforms) = postSolution
		{5EFB3FB7-7608-4CB1-8305-A0E714E20B49}.Debug|Any CPU.ActiveCfg = Debug|Any CPU
		{5EFB3FB7-7608-4CB1-8305-A0E714E20B49}.Debug|Any CPU.Build.0 = Debug|Any CPU
		{5EFB3FB7-7608-4CB1-8305-A0E714E20B49}.Release|Any CPU.ActiveCfg = Release|Any CPU
		{5EFB3FB7-7608-4CB1-8305-A0E714E20B49}.Release|Any CPU.Build.0 = Release|Any CPU
	EndGlobalSection
	GlobalSection(SolutionProperties) = preSolution
		HideSolutionNode = FALSE
	EndGlobalSection
	GlobalSection(ExtensibilityGlobals) = postSolution
		SolutionGuid = {21CFE6F8-CA01-43E2-8681-FB5C90170542}
	EndGlobalSection
EndGlobal
